
Microsoft Visual Studio Solution File, Format Version 12.00
# Visual Studio Version 17
VisualStudioVersion = 17.7.34031.279
MinimumVisualStudioVersion = 10.0.40219.1
Project("{2150E333-8FDC-42A3-9474-1A3956D46DE8}") = "1 - Presentacion", "1 - Presentacion", "{8B74D90D-7C92-4959-94A3-C5F5F7FC8150}"
EndProject
Project("{2150E333-8FDC-42A3-9474-1A3956D46DE8}") = "2 - Negocio", "2 - Negocio", "{F3ABFDCC-B4B9-4AF3-8589-C8DD0546061E}"
EndProject
Project("{2150E333-8FDC-42A3-9474-1A3956D46DE8}") = "3 - Datos", "3 - Datos", "{DCA6A341-BDBA-4EB2-A99D-D29A07DBFB43}"
EndProject
Project("{FAE04EC0-301F-11D3-BF4B-00C04F79EFBC}") = "DAO", "DAO\DAO.csproj", "{67B5C3F6-F8A4-466E-AAB1-5D083D089DAC}"
EndProject
Project("{FAE04EC0-301F-11D3-BF4B-00C04F79EFBC}") = "Entidades", "Entidades\Entidades.csproj", "{0999625F-97D0-40BC-B69E-A655A21D9316}"
EndProject
Project("{FAE04EC0-301F-11D3-BF4B-00C04F79EFBC}") = "DTO", "DTO\DTO.csproj", "{7982E1E7-A3F9-4DF1-80EC-C64577DF63D7}"
EndProject
Project("{FAE04EC0-301F-11D3-BF4B-00C04F79EFBC}") = "Negocio", "Negocio\Negocio.csproj", "{39BD106A-E5A6-4ED7-8650-77C4FC121EA8}"
EndProject
Project("{2150E333-8FDC-42A3-9474-1A3956D46DE8}") = "Web", "Web", "{00AC83E2-3507-44DF-B74E-7D04798A49FA}"
EndProject
Project("{FAE04EC0-301F-11D3-BF4B-00C04F79EFBC}") = "MVC_HojaDeTareas", "MVC_HojaDeTareas\MVC_HojaDeTareas.csproj", "{D6D1D576-3F61-41C7-9E7A-C83D51402E65}"
EndProject
Global
	GlobalSection(SolutionConfigurationPlatforms) = preSolution
		Debug|Any CPU = Debug|Any CPU
		Release|Any CPU = Release|Any CPU
	EndGlobalSection
	GlobalSection(ProjectConfigurationPlatforms) = postSolution
		{67B5C3F6-F8A4-466E-AAB1-5D083D089DAC}.Debug|Any CPU.ActiveCfg = Debug|Any CPU
		{67B5C3F6-F8A4-466E-AAB1-5D083D089DAC}.Debug|Any CPU.Build.0 = Debug|Any CPU
		{67B5C3F6-F8A4-466E-AAB1-5D083D089DAC}.Release|Any CPU.ActiveCfg = Release|Any CPU
		{67B5C3F6-F8A4-466E-AAB1-5D083D089DAC}.Release|Any CPU.Build.0 = Release|Any CPU
		{0999625F-97D0-40BC-B69E-A655A21D9316}.Debug|Any CPU.ActiveCfg = Debug|Any CPU
		{0999625F-97D0-40BC-B69E-A655A21D9316}.Debug|Any CPU.Build.0 = Debug|Any CPU
		{0999625F-97D0-40BC-B69E-A655A21D9316}.Release|Any CPU.ActiveCfg = Release|Any CPU
		{0999625F-97D0-40BC-B69E-A655A21D9316}.Release|Any CPU.Build.0 = Release|Any CPU
		{7982E1E7-A3F9-4DF1-80EC-C64577DF63D7}.Debug|Any CPU.ActiveCfg = Debug|Any CPU
		{7982E1E7-A3F9-4DF1-80EC-C64577DF63D7}.Debug|Any CPU.Build.0 = Debug|Any CPU
		{7982E1E7-A3F9-4DF1-80EC-C64577DF63D7}.Release|Any CPU.ActiveCfg = Release|Any CPU
		{7982E1E7-A3F9-4DF1-80EC-C64577DF63D7}.Release|Any CPU.Build.0 = Release|Any CPU
		{39BD106A-E5A6-4ED7-8650-77C4FC121EA8}.Debug|Any CPU.ActiveCfg = Debug|Any CPU
		{39BD106A-E5A6-4ED7-8650-77C4FC121EA8}.Debug|Any CPU.Build.0 = Debug|Any CPU
		{39BD106A-E5A6-4ED7-8650-77C4FC121EA8}.Release|Any CPU.ActiveCfg = Release|Any CPU
		{39BD106A-E5A6-4ED7-8650-77C4FC121EA8}.Release|Any CPU.Build.0 = Release|Any CPU
		{D6D1D576-3F61-41C7-9E7A-C83D51402E65}.Debug|Any CPU.ActiveCfg = Debug|Any CPU
		{D6D1D576-3F61-41C7-9E7A-C83D51402E65}.Debug|Any CPU.Build.0 = Debug|Any CPU
		{D6D1D576-3F61-41C7-9E7A-C83D51402E65}.Release|Any CPU.ActiveCfg = Release|Any CPU
		{D6D1D576-3F61-41C7-9E7A-C83D51402E65}.Release|Any CPU.Build.0 = Release|Any CPU
	EndGlobalSection
	GlobalSection(SolutionProperties) = preSolution
		HideSolutionNode = FALSE
	EndGlobalSection
	GlobalSection(NestedProjects) = preSolution
		{67B5C3F6-F8A4-466E-AAB1-5D083D089DAC} = {DCA6A341-BDBA-4EB2-A99D-D29A07DBFB43}
		{0999625F-97D0-40BC-B69E-A655A21D9316} = {DCA6A341-BDBA-4EB2-A99D-D29A07DBFB43}
		{7982E1E7-A3F9-4DF1-80EC-C64577DF63D7} = {DCA6A341-BDBA-4EB2-A99D-D29A07DBFB43}
		{39BD106A-E5A6-4ED7-8650-77C4FC121EA8} = {F3ABFDCC-B4B9-4AF3-8589-C8DD0546061E}
		{00AC83E2-3507-44DF-B74E-7D04798A49FA} = {8B74D90D-7C92-4959-94A3-C5F5F7FC8150}
		{D6D1D576-3F61-41C7-9E7A-C83D51402E65} = {00AC83E2-3507-44DF-B74E-7D04798A49FA}
	EndGlobalSection
	GlobalSection(ExtensibilityGlobals) = postSolution
		SolutionGuid = {8DDFB059-20B6-4737-9CA7-7731EE4EF024}
	EndGlobalSection
EndGlobal
